// !$*UTF8*$!
{
	archiveVersion = 1;
	classes = {
	};
	objectVersion = 56;
	objects = {

/* Begin PBXBuildFile section */
		856D01B72978F3C10078A441 /* AppDelegate.swift in Sources */ = {isa = PBXBuildFile; fileRef = 856D01B62978F3C10078A441 /* AppDelegate.swift */; };
		856D01B92978F3C10078A441 /* SceneDelegate.swift in Sources */ = {isa = PBXBuildFile; fileRef = 856D01B82978F3C10078A441 /* SceneDelegate.swift */; };
		856D01BB2978F3C10078A441 /* ViewController.swift in Sources */ = {isa = PBXBuildFile; fileRef = 856D01BA2978F3C10078A441 /* ViewController.swift */; };
		856D01BE2978F3C10078A441 /* Main.storyboard in Resources */ = {isa = PBXBuildFile; fileRef = 856D01BC2978F3C10078A441 /* Main.storyboard */; };
		856D01C02978F3C20078A441 /* Assets.xcassets in Resources */ = {isa = PBXBuildFile; fileRef = 856D01BF2978F3C20078A441 /* Assets.xcassets */; };
		856D01C32978F3C20078A441 /* LaunchScreen.storyboard in Resources */ = {isa = PBXBuildFile; fileRef = 856D01C12978F3C20078A441 /* LaunchScreen.storyboard */; };
		856D01CE2978F3C20078A441 /* Mandiri_Test_AssesmentTests.swift in Sources */ = {isa = PBXBuildFile; fileRef = 856D01CD2978F3C20078A441 /* Mandiri_Test_AssesmentTests.swift */; };
		856D01D82978F3C20078A441 /* Mandiri_Test_AssesmentUITests.swift in Sources */ = {isa = PBXBuildFile; fileRef = 856D01D72978F3C20078A441 /* Mandiri_Test_AssesmentUITests.swift */; };
		856D01DA2978F3C20078A441 /* Mandiri_Test_AssesmentUITestsLaunchTests.swift in Sources */ = {isa = PBXBuildFile; fileRef = 856D01D92978F3C20078A441 /* Mandiri_Test_AssesmentUITestsLaunchTests.swift */; };
		856D01E929790CB30078A441 /* CategoriesCollectionCell.swift in Sources */ = {isa = PBXBuildFile; fileRef = 856D01E729790CB30078A441 /* CategoriesCollectionCell.swift */; };
		856D01EA29790CB30078A441 /* CategoriesCollectionCell.xib in Resources */ = {isa = PBXBuildFile; fileRef = 856D01E829790CB30078A441 /* CategoriesCollectionCell.xib */; };
		856D01EE29791D6C0078A441 /* CategoryPresenter.swift in Sources */ = {isa = PBXBuildFile; fileRef = 856D01ED29791D6C0078A441 /* CategoryPresenter.swift */; };
		856D01F129791E4F0078A441 /* CategoryPresenterProtocol.swift in Sources */ = {isa = PBXBuildFile; fileRef = 856D01F029791E4F0078A441 /* CategoryPresenterProtocol.swift */; };
		856D01F429791E6B0078A441 /* CategoryViewProtocol.swift in Sources */ = {isa = PBXBuildFile; fileRef = 856D01F329791E6B0078A441 /* CategoryViewProtocol.swift */; };
		856D01F729791EB70078A441 /* CategoryInteractor.swift in Sources */ = {isa = PBXBuildFile; fileRef = 856D01F629791EB70078A441 /* CategoryInteractor.swift */; };
		856D01FA29791ECC0078A441 /* CategoryInteractorProtocol.swift in Sources */ = {isa = PBXBuildFile; fileRef = 856D01F929791ECC0078A441 /* CategoryInteractorProtocol.swift */; };
		856D01FD29791EE70078A441 /* NewsService.swift in Sources */ = {isa = PBXBuildFile; fileRef = 856D01FC29791EE70078A441 /* NewsService.swift */; };
		856D020029791F810078A441 /* CategoriesModel.swift in Sources */ = {isa = PBXBuildFile; fileRef = 856D01FF29791F810078A441 /* CategoriesModel.swift */; };
		856D02022979202E0078A441 /* NewsCategoryViewController.swift in Sources */ = {isa = PBXBuildFile; fileRef = 856D02012979202E0078A441 /* NewsCategoryViewController.swift */; };
		856D020629793E390078A441 /* SourcesCollectionCell.swift in Sources */ = {isa = PBXBuildFile; fileRef = 856D020429793E390078A441 /* SourcesCollectionCell.swift */; };
		856D020729793E390078A441 /* SourcesCollectionCell.xib in Resources */ = {isa = PBXBuildFile; fileRef = 856D020529793E390078A441 /* SourcesCollectionCell.xib */; };
		856D020C29793ED80078A441 /* SourceInteractorProtocol.swift in Sources */ = {isa = PBXBuildFile; fileRef = 856D020B29793ED80078A441 /* SourceInteractorProtocol.swift */; };
		856D020E29793EFA0078A441 /* SourceInteractor.swift in Sources */ = {isa = PBXBuildFile; fileRef = 856D020D29793EFA0078A441 /* SourceInteractor.swift */; };
		856D021129793F4E0078A441 /* SourceViewProtocol.swift in Sources */ = {isa = PBXBuildFile; fileRef = 856D021029793F4E0078A441 /* SourceViewProtocol.swift */; };
		856D021429793F800078A441 /* SourcePresenterProtocol.swift in Sources */ = {isa = PBXBuildFile; fileRef = 856D021329793F800078A441 /* SourcePresenterProtocol.swift */; };
		856D021729793FA90078A441 /* SourcePresenter.swift in Sources */ = {isa = PBXBuildFile; fileRef = 856D021629793FA90078A441 /* SourcePresenter.swift */; };
		856D02192979445F0078A441 /* NewsViewController.swift in Sources */ = {isa = PBXBuildFile; fileRef = 856D02182979445F0078A441 /* NewsViewController.swift */; };
		856D021F297944D60078A441 /* NewsCollectionCell.swift in Sources */ = {isa = PBXBuildFile; fileRef = 856D021D297944D60078A441 /* NewsCollectionCell.swift */; };
		856D0220297944D60078A441 /* NewsCollectionCell.xib in Resources */ = {isa = PBXBuildFile; fileRef = 856D021E297944D60078A441 /* NewsCollectionCell.xib */; };
		856D0223297945DC0078A441 /* NewsModel.swift in Sources */ = {isa = PBXBuildFile; fileRef = 856D0222297945DC0078A441 /* NewsModel.swift */; };
		856D0227297946760078A441 /* NewsInteractorProtocol.swift in Sources */ = {isa = PBXBuildFile; fileRef = 856D0226297946760078A441 /* NewsInteractorProtocol.swift */; };
		856D02292979468F0078A441 /* NewsInteractor.swift in Sources */ = {isa = PBXBuildFile; fileRef = 856D02282979468F0078A441 /* NewsInteractor.swift */; };
		856D022C297946D60078A441 /* NewsViewProtocol.swift in Sources */ = {isa = PBXBuildFile; fileRef = 856D022B297946D60078A441 /* NewsViewProtocol.swift */; };
		856D022F297947000078A441 /* NewsPresenterProtocol.swift in Sources */ = {isa = PBXBuildFile; fileRef = 856D022E297947000078A441 /* NewsPresenterProtocol.swift */; };
		856D0232297947250078A441 /* NewsPresenter.swift in Sources */ = {isa = PBXBuildFile; fileRef = 856D0231297947250078A441 /* NewsPresenter.swift */; };
		856D023429794D740078A441 /* DetailNewsController.swift in Sources */ = {isa = PBXBuildFile; fileRef = 856D023329794D740078A441 /* DetailNewsController.swift */; };
/* End PBXBuildFile section */

/* Begin PBXContainerItemProxy section */
		856D01CA2978F3C20078A441 /* PBXContainerItemProxy */ = {
			isa = PBXContainerItemProxy;
			containerPortal = 856D01AB2978F3C10078A441 /* Project object */;
			proxyType = 1;
			remoteGlobalIDString = 856D01B22978F3C10078A441;
			remoteInfo = "Mandiri Test Assesment";
		};
		856D01D42978F3C20078A441 /* PBXContainerItemProxy */ = {
			isa = PBXContainerItemProxy;
			containerPortal = 856D01AB2978F3C10078A441 /* Project object */;
			proxyType = 1;
			remoteGlobalIDString = 856D01B22978F3C10078A441;
			remoteInfo = "Mandiri Test Assesment";
		};
/* End PBXContainerItemProxy section */

/* Begin PBXFileReference section */
		856D01B32978F3C10078A441 /* Mandiri Test Assesment.app */ = {isa = PBXFileReference; explicitFileType = wrapper.application; includeInIndex = 0; path = "Mandiri Test Assesment.app"; sourceTree = BUILT_PRODUCTS_DIR; };
		856D01B62978F3C10078A441 /* AppDelegate.swift */ = {isa = PBXFileReference; lastKnownFileType = sourcecode.swift; path = AppDelegate.swift; sourceTree = "<group>"; };
		856D01B82978F3C10078A441 /* SceneDelegate.swift */ = {isa = PBXFileReference; lastKnownFileType = sourcecode.swift; path = SceneDelegate.swift; sourceTree = "<group>"; };
		856D01BA2978F3C10078A441 /* ViewController.swift */ = {isa = PBXFileReference; lastKnownFileType = sourcecode.swift; path = ViewController.swift; sourceTree = "<group>"; };
		856D01BD2978F3C10078A441 /* Base */ = {isa = PBXFileReference; lastKnownFileType = file.storyboard; name = Base; path = Base.lproj/Main.storyboard; sourceTree = "<group>"; };
		856D01BF2978F3C20078A441 /* Assets.xcassets */ = {isa = PBXFileReference; lastKnownFileType = folder.assetcatalog; path = Assets.xcassets; sourceTree = "<group>"; };
		856D01C22978F3C20078A441 /* Base */ = {isa = PBXFileReference; lastKnownFileType = file.storyboard; name = Base; path = Base.lproj/LaunchScreen.storyboard; sourceTree = "<group>"; };
		856D01C42978F3C20078A441 /* Info.plist */ = {isa = PBXFileReference; lastKnownFileType = text.plist.xml; path = Info.plist; sourceTree = "<group>"; };
		856D01C92978F3C20078A441 /* Mandiri Test AssesmentTests.xctest */ = {isa = PBXFileReference; explicitFileType = wrapper.cfbundle; includeInIndex = 0; path = "Mandiri Test AssesmentTests.xctest"; sourceTree = BUILT_PRODUCTS_DIR; };
		856D01CD2978F3C20078A441 /* Mandiri_Test_AssesmentTests.swift */ = {isa = PBXFileReference; lastKnownFileType = sourcecode.swift; path = Mandiri_Test_AssesmentTests.swift; sourceTree = "<group>"; };
		856D01D32978F3C20078A441 /* Mandiri Test AssesmentUITests.xctest */ = {isa = PBXFileReference; explicitFileType = wrapper.cfbundle; includeInIndex = 0; path = "Mandiri Test AssesmentUITests.xctest"; sourceTree = BUILT_PRODUCTS_DIR; };
		856D01D72978F3C20078A441 /* Mandiri_Test_AssesmentUITests.swift */ = {isa = PBXFileReference; lastKnownFileType = sourcecode.swift; path = Mandiri_Test_AssesmentUITests.swift; sourceTree = "<group>"; };
		856D01D92978F3C20078A441 /* Mandiri_Test_AssesmentUITestsLaunchTests.swift */ = {isa = PBXFileReference; lastKnownFileType = sourcecode.swift; path = Mandiri_Test_AssesmentUITestsLaunchTests.swift; sourceTree = "<group>"; };
		856D01E729790CB30078A441 /* CategoriesCollectionCell.swift */ = {isa = PBXFileReference; lastKnownFileType = sourcecode.swift; path = CategoriesCollectionCell.swift; sourceTree = "<group>"; };
		856D01E829790CB30078A441 /* CategoriesCollectionCell.xib */ = {isa = PBXFileReference; lastKnownFileType = file.xib; path = CategoriesCollectionCell.xib; sourceTree = "<group>"; };
		856D01ED29791D6C0078A441 /* CategoryPresenter.swift */ = {isa = PBXFileReference; lastKnownFileType = sourcecode.swift; path = CategoryPresenter.swift; sourceTree = "<group>"; };
		856D01F029791E4F0078A441 /* CategoryPresenterProtocol.swift */ = {isa = PBXFileReference; lastKnownFileType = sourcecode.swift; path = CategoryPresenterProtocol.swift; sourceTree = "<group>"; };
		856D01F329791E6B0078A441 /* CategoryViewProtocol.swift */ = {isa = PBXFileReference; lastKnownFileType = sourcecode.swift; path = CategoryViewProtocol.swift; sourceTree = "<group>"; };
		856D01F629791EB70078A441 /* CategoryInteractor.swift */ = {isa = PBXFileReference; lastKnownFileType = sourcecode.swift; path = CategoryInteractor.swift; sourceTree = "<group>"; };
		856D01F929791ECC0078A441 /* CategoryInteractorProtocol.swift */ = {isa = PBXFileReference; lastKnownFileType = sourcecode.swift; path = CategoryInteractorProtocol.swift; sourceTree = "<group>"; };
		856D01FC29791EE70078A441 /* NewsService.swift */ = {isa = PBXFileReference; lastKnownFileType = sourcecode.swift; path = NewsService.swift; sourceTree = "<group>"; };
		856D01FF29791F810078A441 /* CategoriesModel.swift */ = {isa = PBXFileReference; lastKnownFileType = sourcecode.swift; path = CategoriesModel.swift; sourceTree = "<group>"; };
		856D02012979202E0078A441 /* NewsCategoryViewController.swift */ = {isa = PBXFileReference; lastKnownFileType = sourcecode.swift; path = NewsCategoryViewController.swift; sourceTree = "<group>"; };
		856D020429793E390078A441 /* SourcesCollectionCell.swift */ = {isa = PBXFileReference; lastKnownFileType = sourcecode.swift; path = SourcesCollectionCell.swift; sourceTree = "<group>"; };
		856D020529793E390078A441 /* SourcesCollectionCell.xib */ = {isa = PBXFileReference; lastKnownFileType = file.xib; path = SourcesCollectionCell.xib; sourceTree = "<group>"; };
		856D020B29793ED80078A441 /* SourceInteractorProtocol.swift */ = {isa = PBXFileReference; lastKnownFileType = sourcecode.swift; path = SourceInteractorProtocol.swift; sourceTree = "<group>"; };
		856D020D29793EFA0078A441 /* SourceInteractor.swift */ = {isa = PBXFileReference; lastKnownFileType = sourcecode.swift; path = SourceInteractor.swift; sourceTree = "<group>"; };
		856D021029793F4E0078A441 /* SourceViewProtocol.swift */ = {isa = PBXFileReference; lastKnownFileType = sourcecode.swift; path = SourceViewProtocol.swift; sourceTree = "<group>"; };
		856D021329793F800078A441 /* SourcePresenterProtocol.swift */ = {isa = PBXFileReference; lastKnownFileType = sourcecode.swift; path = SourcePresenterProtocol.swift; sourceTree = "<group>"; };
		856D021629793FA90078A441 /* SourcePresenter.swift */ = {isa = PBXFileReference; lastKnownFileType = sourcecode.swift; path = SourcePresenter.swift; sourceTree = "<group>"; };
		856D02182979445F0078A441 /* NewsViewController.swift */ = {isa = PBXFileReference; lastKnownFileType = sourcecode.swift; path = NewsViewController.swift; sourceTree = "<group>"; };
		856D021D297944D60078A441 /* NewsCollectionCell.swift */ = {isa = PBXFileReference; lastKnownFileType = sourcecode.swift; path = NewsCollectionCell.swift; sourceTree = "<group>"; };
		856D021E297944D60078A441 /* NewsCollectionCell.xib */ = {isa = PBXFileReference; lastKnownFileType = file.xib; path = NewsCollectionCell.xib; sourceTree = "<group>"; };
		856D0222297945DC0078A441 /* NewsModel.swift */ = {isa = PBXFileReference; lastKnownFileType = sourcecode.swift; path = NewsModel.swift; sourceTree = "<group>"; };
		856D0226297946760078A441 /* NewsInteractorProtocol.swift */ = {isa = PBXFileReference; lastKnownFileType = sourcecode.swift; path = NewsInteractorProtocol.swift; sourceTree = "<group>"; };
		856D02282979468F0078A441 /* NewsInteractor.swift */ = {isa = PBXFileReference; lastKnownFileType = sourcecode.swift; path = NewsInteractor.swift; sourceTree = "<group>"; };
		856D022B297946D60078A441 /* NewsViewProtocol.swift */ = {isa = PBXFileReference; lastKnownFileType = sourcecode.swift; path = NewsViewProtocol.swift; sourceTree = "<group>"; };
		856D022E297947000078A441 /* NewsPresenterProtocol.swift */ = {isa = PBXFileReference; lastKnownFileType = sourcecode.swift; path = NewsPresenterProtocol.swift; sourceTree = "<group>"; };
		856D0231297947250078A441 /* NewsPresenter.swift */ = {isa = PBXFileReference; lastKnownFileType = sourcecode.swift; path = NewsPresenter.swift; sourceTree = "<group>"; };
		856D023329794D740078A441 /* DetailNewsController.swift */ = {isa = PBXFileReference; lastKnownFileType = sourcecode.swift; path = DetailNewsController.swift; sourceTree = "<group>"; };
/* End PBXFileReference section */

/* Begin PBXFrameworksBuildPhase section */
		856D01B02978F3C10078A441 /* Frameworks */ = {
			isa = PBXFrameworksBuildPhase;
			buildActionMask = 2147483647;
			files = (
			);
			runOnlyForDeploymentPostprocessing = 0;
		};
		856D01C62978F3C20078A441 /* Frameworks */ = {
			isa = PBXFrameworksBuildPhase;
			buildActionMask = 2147483647;
			files = (
			);
			runOnlyForDeploymentPostprocessing = 0;
		};
		856D01D02978F3C20078A441 /* Frameworks */ = {
			isa = PBXFrameworksBuildPhase;
			buildActionMask = 2147483647;
			files = (
			);
			runOnlyForDeploymentPostprocessing = 0;
		};
/* End PBXFrameworksBuildPhase section */

/* Begin PBXGroup section */
		856D01AA2978F3C10078A441 = {
			isa = PBXGroup;
			children = (
				856D01B52978F3C10078A441 /* Mandiri Test Assesment */,
				856D01CC2978F3C20078A441 /* Mandiri Test AssesmentTests */,
				856D01D62978F3C20078A441 /* Mandiri Test AssesmentUITests */,
				856D01B42978F3C10078A441 /* Products */,
			);
			sourceTree = "<group>";
		};
		856D01B42978F3C10078A441 /* Products */ = {
			isa = PBXGroup;
			children = (
				856D01B32978F3C10078A441 /* Mandiri Test Assesment.app */,
				856D01C92978F3C20078A441 /* Mandiri Test AssesmentTests.xctest */,
				856D01D32978F3C20078A441 /* Mandiri Test AssesmentUITests.xctest */,
			);
			name = Products;
			sourceTree = "<group>";
		};
		856D01B52978F3C10078A441 /* Mandiri Test Assesment */ = {
			isa = PBXGroup;
			children = (
				856D01FE29791F5E0078A441 /* Model */,
				856D01FB29791EDC0078A441 /* Service */,
				856D020829793EB60078A441 /* Sources */,
				856D01EB29791D470078A441 /* Category */,
				856D02212979457C0078A441 /* News */,
				856D01E629790CA20078A441 /* CollectionViewCell */,
				856D020329793E180078A441 /* TableViewCell */,
				856D01B62978F3C10078A441 /* AppDelegate.swift */,
				856D01B82978F3C10078A441 /* SceneDelegate.swift */,
				856D01BA2978F3C10078A441 /* ViewController.swift */,
				856D02012979202E0078A441 /* NewsCategoryViewController.swift */,
				856D02182979445F0078A441 /* NewsViewController.swift */,
				856D023329794D740078A441 /* DetailNewsController.swift */,
				856D01BC2978F3C10078A441 /* Main.storyboard */,
				856D01BF2978F3C20078A441 /* Assets.xcassets */,
				856D01C12978F3C20078A441 /* LaunchScreen.storyboard */,
				856D01C42978F3C20078A441 /* Info.plist */,
			);
			path = "Mandiri Test Assesment";
			sourceTree = "<group>";
		};
		856D01CC2978F3C20078A441 /* Mandiri Test AssesmentTests */ = {
			isa = PBXGroup;
			children = (
				856D01CD2978F3C20078A441 /* Mandiri_Test_AssesmentTests.swift */,
			);
			path = "Mandiri Test AssesmentTests";
			sourceTree = "<group>";
		};
		856D01D62978F3C20078A441 /* Mandiri Test AssesmentUITests */ = {
			isa = PBXGroup;
			children = (
				856D01D72978F3C20078A441 /* Mandiri_Test_AssesmentUITests.swift */,
				856D01D92978F3C20078A441 /* Mandiri_Test_AssesmentUITestsLaunchTests.swift */,
			);
			path = "Mandiri Test AssesmentUITests";
			sourceTree = "<group>";
		};
		856D01E629790CA20078A441 /* CollectionViewCell */ = {
			isa = PBXGroup;
			children = (
				856D021C297944B90078A441 /* Categories */,
				856D021A297944B20078A441 /* News */,
			);
			path = CollectionViewCell;
			sourceTree = "<group>";
		};
		856D01EB29791D470078A441 /* Category */ = {
			isa = PBXGroup;
			children = (
				856D01F529791EA60078A441 /* Interactor */,
				856D01F229791E630078A441 /* View */,
				856D01EF29791E310078A441 /* Protocols */,
				856D01EC29791D530078A441 /* Presenter */,
			);
			path = Category;
			sourceTree = "<group>";
		};
		856D01EC29791D530078A441 /* Presenter */ = {
			isa = PBXGroup;
			children = (
				856D01ED29791D6C0078A441 /* CategoryPresenter.swift */,
			);
			path = Presenter;
			sourceTree = "<group>";
		};
		856D01EF29791E310078A441 /* Protocols */ = {
			isa = PBXGroup;
			children = (
				856D01F029791E4F0078A441 /* CategoryPresenterProtocol.swift */,
			);
			path = Protocols;
			sourceTree = "<group>";
		};
		856D01F229791E630078A441 /* View */ = {
			isa = PBXGroup;
			children = (
				856D01F329791E6B0078A441 /* CategoryViewProtocol.swift */,
			);
			path = View;
			sourceTree = "<group>";
		};
		856D01F529791EA60078A441 /* Interactor */ = {
			isa = PBXGroup;
			children = (
				856D01F829791EC30078A441 /* Protocol */,
				856D01F629791EB70078A441 /* CategoryInteractor.swift */,
			);
			path = Interactor;
			sourceTree = "<group>";
		};
		856D01F829791EC30078A441 /* Protocol */ = {
			isa = PBXGroup;
			children = (
				856D01F929791ECC0078A441 /* CategoryInteractorProtocol.swift */,
			);
			path = Protocol;
			sourceTree = "<group>";
		};
		856D01FB29791EDC0078A441 /* Service */ = {
			isa = PBXGroup;
			children = (
				856D01FC29791EE70078A441 /* NewsService.swift */,
			);
			path = Service;
			sourceTree = "<group>";
		};
		856D01FE29791F5E0078A441 /* Model */ = {
			isa = PBXGroup;
			children = (
				856D01FF29791F810078A441 /* CategoriesModel.swift */,
				856D0222297945DC0078A441 /* NewsModel.swift */,
			);
			path = Model;
			sourceTree = "<group>";
		};
		856D020329793E180078A441 /* TableViewCell */ = {
			isa = PBXGroup;
			children = (
				856D020429793E390078A441 /* SourcesCollectionCell.swift */,
				856D020529793E390078A441 /* SourcesCollectionCell.xib */,
			);
			path = TableViewCell;
			sourceTree = "<group>";
		};
		856D020829793EB60078A441 /* Sources */ = {
			isa = PBXGroup;
			children = (
				856D020929793EC40078A441 /* Interactor */,
				856D020F29793F420078A441 /* View */,
				856D021229793F610078A441 /* Protocols */,
				856D021529793F8C0078A441 /* Presenter */,
			);
			path = Sources;
			sourceTree = "<group>";
		};
		856D020929793EC40078A441 /* Interactor */ = {
			isa = PBXGroup;
			children = (
				856D020A29793EC90078A441 /* Protocol */,
				856D020D29793EFA0078A441 /* SourceInteractor.swift */,
			);
			path = Interactor;
			sourceTree = "<group>";
		};
		856D020A29793EC90078A441 /* Protocol */ = {
			isa = PBXGroup;
			children = (
				856D020B29793ED80078A441 /* SourceInteractorProtocol.swift */,
			);
			path = Protocol;
			sourceTree = "<group>";
		};
		856D020F29793F420078A441 /* View */ = {
			isa = PBXGroup;
			children = (
				856D021029793F4E0078A441 /* SourceViewProtocol.swift */,
			);
			path = View;
			sourceTree = "<group>";
		};
		856D021229793F610078A441 /* Protocols */ = {
			isa = PBXGroup;
			children = (
				856D021329793F800078A441 /* SourcePresenterProtocol.swift */,
			);
			path = Protocols;
			sourceTree = "<group>";
		};
		856D021529793F8C0078A441 /* Presenter */ = {
			isa = PBXGroup;
			children = (
				856D021629793FA90078A441 /* SourcePresenter.swift */,
			);
			path = Presenter;
			sourceTree = "<group>";
		};
		856D021A297944B20078A441 /* News */ = {
			isa = PBXGroup;
			children = (
				856D021D297944D60078A441 /* NewsCollectionCell.swift */,
				856D021E297944D60078A441 /* NewsCollectionCell.xib */,
			);
			path = News;
			sourceTree = "<group>";
		};
		856D021C297944B90078A441 /* Categories */ = {
			isa = PBXGroup;
			children = (
				856D01E729790CB30078A441 /* CategoriesCollectionCell.swift */,
				856D01E829790CB30078A441 /* CategoriesCollectionCell.xib */,
			);
			path = Categories;
			sourceTree = "<group>";
		};
		856D02212979457C0078A441 /* News */ = {
			isa = PBXGroup;
			children = (
				856D0224297946620078A441 /* Interactor */,
				856D022A297946CC0078A441 /* View */,
				856D022D297946E80078A441 /* Protocols */,
				856D0230297947110078A441 /* Presenter */,
			);
			path = News;
			sourceTree = "<group>";
		};
		856D0224297946620078A441 /* Interactor */ = {
			isa = PBXGroup;
			children = (
				856D0225297946680078A441 /* Protocol */,
				856D02282979468F0078A441 /* NewsInteractor.swift */,
			);
			path = Interactor;
			sourceTree = "<group>";
		};
		856D0225297946680078A441 /* Protocol */ = {
			isa = PBXGroup;
			children = (
				856D0226297946760078A441 /* NewsInteractorProtocol.swift */,
			);
			path = Protocol;
			sourceTree = "<group>";
		};
		856D022A297946CC0078A441 /* View */ = {
			isa = PBXGroup;
			children = (
				856D022B297946D60078A441 /* NewsViewProtocol.swift */,
			);
			path = View;
			sourceTree = "<group>";
		};
		856D022D297946E80078A441 /* Protocols */ = {
			isa = PBXGroup;
			children = (
				856D022E297947000078A441 /* NewsPresenterProtocol.swift */,
			);
			path = Protocols;
			sourceTree = "<group>";
		};
		856D0230297947110078A441 /* Presenter */ = {
			isa = PBXGroup;
			children = (
				856D0231297947250078A441 /* NewsPresenter.swift */,
			);
			path = Presenter;
			sourceTree = "<group>";
		};
/* End PBXGroup section */

/* Begin PBXNativeTarget section */
		856D01B22978F3C10078A441 /* Mandiri Test Assesment */ = {
			isa = PBXNativeTarget;
			buildConfigurationList = 856D01DD2978F3C20078A441 /* Build configuration list for PBXNativeTarget "Mandiri Test Assesment" */;
			buildPhases = (
				856D01AF2978F3C10078A441 /* Sources */,
				856D01B02978F3C10078A441 /* Frameworks */,
				856D01B12978F3C10078A441 /* Resources */,
			);
			buildRules = (
			);
			dependencies = (
			);
			name = "Mandiri Test Assesment";
			productName = "Mandiri Test Assesment";
			productReference = 856D01B32978F3C10078A441 /* Mandiri Test Assesment.app */;
			productType = "com.apple.product-type.application";
		};
		856D01C82978F3C20078A441 /* Mandiri Test AssesmentTests */ = {
			isa = PBXNativeTarget;
			buildConfigurationList = 856D01E02978F3C20078A441 /* Build configuration list for PBXNativeTarget "Mandiri Test AssesmentTests" */;
			buildPhases = (
				856D01C52978F3C20078A441 /* Sources */,
				856D01C62978F3C20078A441 /* Frameworks */,
				856D01C72978F3C20078A441 /* Resources */,
			);
			buildRules = (
			);
			dependencies = (
				856D01CB2978F3C20078A441 /* PBXTargetDependency */,
			);
			name = "Mandiri Test AssesmentTests";
			productName = "Mandiri Test AssesmentTests";
			productReference = 856D01C92978F3C20078A441 /* Mandiri Test AssesmentTests.xctest */;
			productType = "com.apple.product-type.bundle.unit-test";
		};
		856D01D22978F3C20078A441 /* Mandiri Test AssesmentUITests */ = {
			isa = PBXNativeTarget;
			buildConfigurationList = 856D01E32978F3C20078A441 /* Build configuration list for PBXNativeTarget "Mandiri Test AssesmentUITests" */;
			buildPhases = (
				856D01CF2978F3C20078A441 /* Sources */,
				856D01D02978F3C20078A441 /* Frameworks */,
				856D01D12978F3C20078A441 /* Resources */,
			);
			buildRules = (
			);
			dependencies = (
				856D01D52978F3C20078A441 /* PBXTargetDependency */,
			);
			name = "Mandiri Test AssesmentUITests";
			productName = "Mandiri Test AssesmentUITests";
			productReference = 856D01D32978F3C20078A441 /* Mandiri Test AssesmentUITests.xctest */;
			productType = "com.apple.product-type.bundle.ui-testing";
		};
/* End PBXNativeTarget section */

/* Begin PBXProject section */
		856D01AB2978F3C10078A441 /* Project object */ = {
			isa = PBXProject;
			attributes = {
				BuildIndependentTargetsInParallel = 1;
				LastSwiftUpdateCheck = 1420;
				LastUpgradeCheck = 1420;
				TargetAttributes = {
					856D01B22978F3C10078A441 = {
						CreatedOnToolsVersion = 14.2;
					};
					856D01C82978F3C20078A441 = {
						CreatedOnToolsVersion = 14.2;
						TestTargetID = 856D01B22978F3C10078A441;
					};
					856D01D22978F3C20078A441 = {
						CreatedOnToolsVersion = 14.2;
						TestTargetID = 856D01B22978F3C10078A441;
					};
				};
			};
			buildConfigurationList = 856D01AE2978F3C10078A441 /* Build configuration list for PBXProject "Mandiri Test Assesment" */;
			compatibilityVersion = "Xcode 14.0";
			developmentRegion = en;
			hasScannedForEncodings = 0;
			knownRegions = (
				en,
				Base,
			);
			mainGroup = 856D01AA2978F3C10078A441;
			productRefGroup = 856D01B42978F3C10078A441 /* Products */;
			projectDirPath = "";
			projectRoot = "";
			targets = (
				856D01B22978F3C10078A441 /* Mandiri Test Assesment */,
				856D01C82978F3C20078A441 /* Mandiri Test AssesmentTests */,
				856D01D22978F3C20078A441 /* Mandiri Test AssesmentUITests */,
			);
		};
/* End PBXProject section */

/* Begin PBXResourcesBuildPhase section */
		856D01B12978F3C10078A441 /* Resources */ = {
			isa = PBXResourcesBuildPhase;
			buildActionMask = 2147483647;
			files = (
				856D01EA29790CB30078A441 /* CategoriesCollectionCell.xib in Resources */,
				856D020729793E390078A441 /* SourcesCollectionCell.xib in Resources */,
				856D01C32978F3C20078A441 /* LaunchScreen.storyboard in Resources */,
				856D01C02978F3C20078A441 /* Assets.xcassets in Resources */,
				856D0220297944D60078A441 /* NewsCollectionCell.xib in Resources */,
				856D01BE2978F3C10078A441 /* Main.storyboard in Resources */,
			);
			runOnlyForDeploymentPostprocessing = 0;
		};
		856D01C72978F3C20078A441 /* Resources */ = {
			isa = PBXResourcesBuildPhase;
			buildActionMask = 2147483647;
			files = (
			);
			runOnlyForDeploymentPostprocessing = 0;
		};
		856D01D12978F3C20078A441 /* Resources */ = {
			isa = PBXResourcesBuildPhase;
			buildActionMask = 2147483647;
			files = (
			);
			runOnlyForDeploymentPostprocessing = 0;
		};
/* End PBXResourcesBuildPhase section */

/* Begin PBXSourcesBuildPhase section */
		856D01AF2978F3C10078A441 /* Sources */ = {
			isa = PBXSourcesBuildPhase;
			buildActionMask = 2147483647;
			files = (
				856D0223297945DC0078A441 /* NewsModel.swift in Sources */,
				856D020629793E390078A441 /* SourcesCollectionCell.swift in Sources */,
				856D021129793F4E0078A441 /* SourceViewProtocol.swift in Sources */,
				856D01FD29791EE70078A441 /* NewsService.swift in Sources */,
				856D01E929790CB30078A441 /* CategoriesCollectionCell.swift in Sources */,
				856D0227297946760078A441 /* NewsInteractorProtocol.swift in Sources */,
				856D01EE29791D6C0078A441 /* CategoryPresenter.swift in Sources */,
				856D021729793FA90078A441 /* SourcePresenter.swift in Sources */,
				856D01BB2978F3C10078A441 /* ViewController.swift in Sources */,
				856D02192979445F0078A441 /* NewsViewController.swift in Sources */,
				856D021F297944D60078A441 /* NewsCollectionCell.swift in Sources */,
				856D023429794D740078A441 /* DetailNewsController.swift in Sources */,
				856D0232297947250078A441 /* NewsPresenter.swift in Sources */,
				856D01F429791E6B0078A441 /* CategoryViewProtocol.swift in Sources */,
				856D021429793F800078A441 /* SourcePresenterProtocol.swift in Sources */,
				856D02292979468F0078A441 /* NewsInteractor.swift in Sources */,
				856D01F729791EB70078A441 /* CategoryInteractor.swift in Sources */,
				856D020C29793ED80078A441 /* SourceInteractorProtocol.swift in Sources */,
				856D01B72978F3C10078A441 /* AppDelegate.swift in Sources */,
				856D022F297947000078A441 /* NewsPresenterProtocol.swift in Sources */,
				856D01F129791E4F0078A441 /* CategoryPresenterProtocol.swift in Sources */,
				856D01B92978F3C10078A441 /* SceneDelegate.swift in Sources */,
				856D022C297946D60078A441 /* NewsViewProtocol.swift in Sources */,
				856D020029791F810078A441 /* CategoriesModel.swift in Sources */,
				856D02022979202E0078A441 /* NewsCategoryViewController.swift in Sources */,
				856D020E29793EFA0078A441 /* SourceInteractor.swift in Sources */,
				856D01FA29791ECC0078A441 /* CategoryInteractorProtocol.swift in Sources */,
			);
			runOnlyForDeploymentPostprocessing = 0;
		};
		856D01C52978F3C20078A441 /* Sources */ = {
			isa = PBXSourcesBuildPhase;
			buildActionMask = 2147483647;
			files = (
				856D01CE2978F3C20078A441 /* Mandiri_Test_AssesmentTests.swift in Sources */,
			);
			runOnlyForDeploymentPostprocessing = 0;
		};
		856D01CF2978F3C20078A441 /* Sources */ = {
			isa = PBXSourcesBuildPhase;
			buildActionMask = 2147483647;
			files = (
				856D01D82978F3C20078A441 /* Mandiri_Test_AssesmentUITests.swift in Sources */,
				856D01DA2978F3C20078A441 /* Mandiri_Test_AssesmentUITestsLaunchTests.swift in Sources */,
			);
			runOnlyForDeploymentPostprocessing = 0;
		};
/* End PBXSourcesBuildPhase section */

/* Begin PBXTargetDependency section */
		856D01CB2978F3C20078A441 /* PBXTargetDependency */ = {
			isa = PBXTargetDependency;
			target = 856D01B22978F3C10078A441 /* Mandiri Test Assesment */;
			targetProxy = 856D01CA2978F3C20078A441 /* PBXContainerItemProxy */;
		};
		856D01D52978F3C20078A441 /* PBXTargetDependency */ = {
			isa = PBXTargetDependency;
			target = 856D01B22978F3C10078A441 /* Mandiri Test Assesment */;
			targetProxy = 856D01D42978F3C20078A441 /* PBXContainerItemProxy */;
		};
/* End PBXTargetDependency section */

/* Begin PBXVariantGroup section */
		856D01BC2978F3C10078A441 /* Main.storyboard */ = {
			isa = PBXVariantGroup;
			children = (
				856D01BD2978F3C10078A441 /* Base */,
			);
			name = Main.storyboard;
			sourceTree = "<group>";
		};
		856D01C12978F3C20078A441 /* LaunchScreen.storyboard */ = {
			isa = PBXVariantGroup;
			children = (
				856D01C22978F3C20078A441 /* Base */,
			);
			name = LaunchScreen.storyboard;
			sourceTree = "<group>";
		};
/* End PBXVariantGroup section */

/* Begin XCBuildConfiguration section */
		856D01DB2978F3C20078A441 /* Debug */ = {
			isa = XCBuildConfiguration;
			buildSettings = {
				ALWAYS_SEARCH_USER_PATHS = NO;
				CLANG_ANALYZER_NONNULL = YES;
				CLANG_ANALYZER_NUMBER_OBJECT_CONVERSION = YES_AGGRESSIVE;
				CLANG_CXX_LANGUAGE_STANDARD = "gnu++20";
				CLANG_ENABLE_MODULES = YES;
				CLANG_ENABLE_OBJC_ARC = YES;
				CLANG_ENABLE_OBJC_WEAK = YES;
				CLANG_WARN_BLOCK_CAPTURE_AUTORELEASING = YES;
				CLANG_WARN_BOOL_CONVERSION = YES;
				CLANG_WARN_COMMA = YES;
				CLANG_WARN_CONSTANT_CONVERSION = YES;
				CLANG_WARN_DEPRECATED_OBJC_IMPLEMENTATIONS = YES;
				CLANG_WARN_DIRECT_OBJC_ISA_USAGE = YES_ERROR;
				CLANG_WARN_DOCUMENTATION_COMMENTS = YES;
				CLANG_WARN_EMPTY_BODY = YES;
				CLANG_WARN_ENUM_CONVERSION = YES;
				CLANG_WARN_INFINITE_RECURSION = YES;
				CLANG_WARN_INT_CONVERSION = YES;
				CLANG_WARN_NON_LITERAL_NULL_CONVERSION = YES;
				CLANG_WARN_OBJC_IMPLICIT_RETAIN_SELF = YES;
				CLANG_WARN_OBJC_LITERAL_CONVERSION = YES;
				CLANG_WARN_OBJC_ROOT_CLASS = YES_ERROR;
				CLANG_WARN_QUOTED_INCLUDE_IN_FRAMEWORK_HEADER = YES;
				CLANG_WARN_RANGE_LOOP_ANALYSIS = YES;
				CLANG_WARN_STRICT_PROTOTYPES = YES;
				CLANG_WARN_SUSPICIOUS_MOVE = YES;
				CLANG_WARN_UNGUARDED_AVAILABILITY = YES_AGGRESSIVE;
				CLANG_WARN_UNREACHABLE_CODE = YES;
				CLANG_WARN__DUPLICATE_METHOD_MATCH = YES;
				COPY_PHASE_STRIP = NO;
				DEBUG_INFORMATION_FORMAT = dwarf;
				ENABLE_STRICT_OBJC_MSGSEND = YES;
				ENABLE_TESTABILITY = YES;
				GCC_C_LANGUAGE_STANDARD = gnu11;
				GCC_DYNAMIC_NO_PIC = NO;
				GCC_NO_COMMON_BLOCKS = YES;
				GCC_OPTIMIZATION_LEVEL = 0;
				GCC_PREPROCESSOR_DEFINITIONS = (
					"DEBUG=1",
					"$(inherited)",
				);
				GCC_WARN_64_TO_32_BIT_CONVERSION = YES;
				GCC_WARN_ABOUT_RETURN_TYPE = YES_ERROR;
				GCC_WARN_UNDECLARED_SELECTOR = YES;
				GCC_WARN_UNINITIALIZED_AUTOS = YES_AGGRESSIVE;
				GCC_WARN_UNUSED_FUNCTION = YES;
				GCC_WARN_UNUSED_VARIABLE = YES;
				IPHONEOS_DEPLOYMENT_TARGET = 16.2;
				MTL_ENABLE_DEBUG_INFO = INCLUDE_SOURCE;
				MTL_FAST_MATH = YES;
				ONLY_ACTIVE_ARCH = YES;
				SDKROOT = iphoneos;
				SWIFT_ACTIVE_COMPILATION_CONDITIONS = DEBUG;
				SWIFT_OPTIMIZATION_LEVEL = "-Onone";
			};
			name = Debug;
		};
		856D01DC2978F3C20078A441 /* Release */ = {
			isa = XCBuildConfiguration;
			buildSettings = {
				ALWAYS_SEARCH_USER_PATHS = NO;
				CLANG_ANALYZER_NONNULL = YES;
				CLANG_ANALYZER_NUMBER_OBJECT_CONVERSION = YES_AGGRESSIVE;
				CLANG_CXX_LANGUAGE_STANDARD = "gnu++20";
				CLANG_ENABLE_MODULES = YES;
				CLANG_ENABLE_OBJC_ARC = YES;
				CLANG_ENABLE_OBJC_WEAK = YES;
				CLANG_WARN_BLOCK_CAPTURE_AUTORELEASING = YES;
				CLANG_WARN_BOOL_CONVERSION = YES;
				CLANG_WARN_COMMA = YES;
				CLANG_WARN_CONSTANT_CONVERSION = YES;
				CLANG_WARN_DEPRECATED_OBJC_IMPLEMENTATIONS = YES;
				CLANG_WARN_DIRECT_OBJC_ISA_USAGE = YES_ERROR;
				CLANG_WARN_DOCUMENTATION_COMMENTS = YES;
				CLANG_WARN_EMPTY_BODY = YES;
				CLANG_WARN_ENUM_CONVERSION = YES;
				CLANG_WARN_INFINITE_RECURSION = YES;
				CLANG_WARN_INT_CONVERSION = YES;
				CLANG_WARN_NON_LITERAL_NULL_CONVERSION = YES;
				CLANG_WARN_OBJC_IMPLICIT_RETAIN_SELF = YES;
				CLANG_WARN_OBJC_LITERAL_CONVERSION = YES;
				CLANG_WARN_OBJC_ROOT_CLASS = YES_ERROR;
				CLANG_WARN_QUOTED_INCLUDE_IN_FRAMEWORK_HEADER = YES;
				CLANG_WARN_RANGE_LOOP_ANALYSIS = YES;
				CLANG_WARN_STRICT_PROTOTYPES = YES;
				CLANG_WARN_SUSPICIOUS_MOVE = YES;
				CLANG_WARN_UNGUARDED_AVAILABILITY = YES_AGGRESSIVE;
				CLANG_WARN_UNREACHABLE_CODE = YES;
				CLANG_WARN__DUPLICATE_METHOD_MATCH = YES;
				COPY_PHASE_STRIP = NO;
				DEBUG_INFORMATION_FORMAT = "dwarf-with-dsym";
				ENABLE_NS_ASSERTIONS = NO;
				ENABLE_STRICT_OBJC_MSGSEND = YES;
				GCC_C_LANGUAGE_STANDARD = gnu11;
				GCC_NO_COMMON_BLOCKS = YES;
				GCC_WARN_64_TO_32_BIT_CONVERSION = YES;
				GCC_WARN_ABOUT_RETURN_TYPE = YES_ERROR;
				GCC_WARN_UNDECLARED_SELECTOR = YES;
				GCC_WARN_UNINITIALIZED_AUTOS = YES_AGGRESSIVE;
				GCC_WARN_UNUSED_FUNCTION = YES;
				GCC_WARN_UNUSED_VARIABLE = YES;
				IPHONEOS_DEPLOYMENT_TARGET = 16.2;
				MTL_ENABLE_DEBUG_INFO = NO;
				MTL_FAST_MATH = YES;
				SDKROOT = iphoneos;
				SWIFT_COMPILATION_MODE = wholemodule;
				SWIFT_OPTIMIZATION_LEVEL = "-O";
				VALIDATE_PRODUCT = YES;
			};
			name = Release;
		};
		856D01DE2978F3C20078A441 /* Debug */ = {
			isa = XCBuildConfiguration;
			buildSettings = {
				ASSETCATALOG_COMPILER_APPICON_NAME = AppIcon;
				ASSETCATALOG_COMPILER_GLOBAL_ACCENT_COLOR_NAME = AccentColor;
				CODE_SIGN_STYLE = Automatic;
				CURRENT_PROJECT_VERSION = 1;
				DEVELOPMENT_TEAM = 2D25Y73SYC;
				GENERATE_INFOPLIST_FILE = YES;
				INFOPLIST_FILE = "Mandiri Test Assesment/Info.plist";
				INFOPLIST_KEY_UIApplicationSupportsIndirectInputEvents = YES;
				INFOPLIST_KEY_UILaunchStoryboardName = LaunchScreen;
				INFOPLIST_KEY_UIMainStoryboardFile = Main;
				INFOPLIST_KEY_UISupportedInterfaceOrientations_iPad = "UIInterfaceOrientationPortrait UIInterfaceOrientationPortraitUpsideDown UIInterfaceOrientationLandscapeLeft UIInterfaceOrientationLandscapeRight";
				INFOPLIST_KEY_UISupportedInterfaceOrientations_iPhone = "UIInterfaceOrientationPortrait UIInterfaceOrientationLandscapeLeft UIInterfaceOrientationLandscapeRight";
				LD_RUNPATH_SEARCH_PATHS = (
					"$(inherited)",
					"@executable_path/Frameworks",
				);
				MARKETING_VERSION = 1.0;
				PRODUCT_BUNDLE_IDENTIFIER = "Fadil.Mandiri-Test-Assesment";
				PRODUCT_NAME = "$(TARGET_NAME)";
				SWIFT_EMIT_LOC_STRINGS = YES;
				SWIFT_VERSION = 5.0;
				TARGETED_DEVICE_FAMILY = "1,2";
			};
			name = Debug;
		};
		856D01DF2978F3C20078A441 /* Release */ = {
			isa = XCBuildConfiguration;
			buildSettings = {
				ASSETCATALOG_COMPILER_APPICON_NAME = AppIcon;
				ASSETCATALOG_COMPILER_GLOBAL_ACCENT_COLOR_NAME = AccentColor;
				CODE_SIGN_STYLE = Automatic;
				CURRENT_PROJECT_VERSION = 1;
				DEVELOPMENT_TEAM = 2D25Y73SYC;
				GENERATE_INFOPLIST_FILE = YES;
				INFOPLIST_FILE = "Mandiri Test Assesment/Info.plist";
				INFOPLIST_KEY_UIApplicationSupportsIndirectInputEvents = YES;
				INFOPLIST_KEY_UILaunchStoryboardName = LaunchScreen;
				INFOPLIST_KEY_UIMainStoryboardFile = Main;
				INFOPLIST_KEY_UISupportedInterfaceOrientations_iPad = "UIInterfaceOrientationPortrait UIInterfaceOrientationPortraitUpsideDown UIInterfaceOrientationLandscapeLeft UIInterfaceOrientationLandscapeRight";
				INFOPLIST_KEY_UISupportedInterfaceOrientations_iPhone = "UIInterfaceOrientationPortrait UIInterfaceOrientationLandscapeLeft UIInterfaceOrientationLandscapeRight";
				LD_RUNPATH_SEARCH_PATHS = (
					"$(inherited)",
					"@executable_path/Frameworks",
				);
				MARKETING_VERSION = 1.0;
				PRODUCT_BUNDLE_IDENTIFIER = "Fadil.Mandiri-Test-Assesment";
				PRODUCT_NAME = "$(TARGET_NAME)";
				SWIFT_EMIT_LOC_STRINGS = YES;
				SWIFT_VERSION = 5.0;
				TARGETED_DEVICE_FAMILY = "1,2";
			};
			name = Release;
		};
		856D01E12978F3C20078A441 /* Debug */ = {
			isa = XCBuildConfiguration;
			buildSettings = {
				ALWAYS_EMBED_SWIFT_STANDARD_LIBRARIES = YES;
				BUNDLE_LOADER = "$(TEST_HOST)";
				CODE_SIGN_STYLE = Automatic;
				CURRENT_PROJECT_VERSION = 1;
				DEVELOPMENT_TEAM = 2D25Y73SYC;
				GENERATE_INFOPLIST_FILE = YES;
				IPHONEOS_DEPLOYMENT_TARGET = 16.2;
				MARKETING_VERSION = 1.0;
				PRODUCT_BUNDLE_IDENTIFIER = "Fadil.Mandiri-Test-AssesmentTests";
				PRODUCT_NAME = "$(TARGET_NAME)";
				SWIFT_EMIT_LOC_STRINGS = NO;
				SWIFT_VERSION = 5.0;
				TARGETED_DEVICE_FAMILY = "1,2";
				TEST_HOST = "$(BUILT_PRODUCTS_DIR)/Mandiri Test Assesment.app/$(BUNDLE_EXECUTABLE_FOLDER_PATH)/Mandiri Test Assesment";
			};
			name = Debug;
		};
		856D01E22978F3C20078A441 /* Release */ = {
			isa = XCBuildConfiguration;
			buildSettings = {
				ALWAYS_EMBED_SWIFT_STANDARD_LIBRARIES = YES;
				BUNDLE_LOADER = "$(TEST_HOST)";
				CODE_SIGN_STYLE = Automatic;
				CURRENT_PROJECT_VERSION = 1;
				DEVELOPMENT_TEAM = 2D25Y73SYC;
				GENERATE_INFOPLIST_FILE = YES;
				IPHONEOS_DEPLOYMENT_TARGET = 16.2;
				MARKETING_VERSION = 1.0;
				PRODUCT_BUNDLE_IDENTIFIER = "Fadil.Mandiri-Test-AssesmentTests";
				PRODUCT_NAME = "$(TARGET_NAME)";
				SWIFT_EMIT_LOC_STRINGS = NO;
				SWIFT_VERSION = 5.0;
				TARGETED_DEVICE_FAMILY = "1,2";
				TEST_HOST = "$(BUILT_PRODUCTS_DIR)/Mandiri Test Assesment.app/$(BUNDLE_EXECUTABLE_FOLDER_PATH)/Mandiri Test Assesment";
			};
			name = Release;
		};
		856D01E42978F3C20078A441 /* Debug */ = {
			isa = XCBuildConfiguration;
			buildSettings = {
				ALWAYS_EMBED_SWIFT_STANDARD_LIBRARIES = YES;
				CODE_SIGN_STYLE = Automatic;
				CURRENT_PROJECT_VERSION = 1;
				DEVELOPMENT_TEAM = 2D25Y73SYC;
				GENERATE_INFOPLIST_FILE = YES;
				MARKETING_VERSION = 1.0;
				PRODUCT_BUNDLE_IDENTIFIER = "Fadil.Mandiri-Test-AssesmentUITests";
				PRODUCT_NAME = "$(TARGET_NAME)";
				SWIFT_EMIT_LOC_STRINGS = NO;
				SWIFT_VERSION = 5.0;
				TARGETED_DEVICE_FAMILY = "1,2";
				TEST_TARGET_NAME = "Mandiri Test Assesment";
			};
			name = Debug;
		};
		856D01E52978F3C20078A441 /* Release */ = {
			isa = XCBuildConfiguration;
			buildSettings = {
				ALWAYS_EMBED_SWIFT_STANDARD_LIBRARIES = YES;
				CODE_SIGN_STYLE = Automatic;
				CURRENT_PROJECT_VERSION = 1;
				DEVELOPMENT_TEAM = 2D25Y73SYC;
				GENERATE_INFOPLIST_FILE = YES;
				MARKETING_VERSION = 1.0;
				PRODUCT_BUNDLE_IDENTIFIER = "Fadil.Mandiri-Test-AssesmentUITests";
				PRODUCT_NAME = "$(TARGET_NAME)";
				SWIFT_EMIT_LOC_STRINGS = NO;
				SWIFT_VERSION = 5.0;
				TARGETED_DEVICE_FAMILY = "1,2";
				TEST_TARGET_NAME = "Mandiri Test Assesment";
			};
			name = Release;
		};
/* End XCBuildConfiguration section */

/* Begin XCConfigurationList section */
		856D01AE2978F3C10078A441 /* Build configuration list for PBXProject "Mandiri Test Assesment" */ = {
			isa = XCConfigurationList;
			buildConfigurations = (
				856D01DB2978F3C20078A441 /* Debug */,
				856D01DC2978F3C20078A441 /* Release */,
			);
			defaultConfigurationIsVisible = 0;
			defaultConfigurationName = Release;
		};
		856D01DD2978F3C20078A441 /* Build configuration list for PBXNativeTarget "Mandiri Test Assesment" */ = {
			isa = XCConfigurationList;
			buildConfigurations = (
				856D01DE2978F3C20078A441 /* Debug */,
				856D01DF2978F3C20078A441 /* Release */,
			);
			defaultConfigurationIsVisible = 0;
			defaultConfigurationName = Release;
		};
		856D01E02978F3C20078A441 /* Build configuration list for PBXNativeTarget "Mandiri Test AssesmentTests" */ = {
			isa = XCConfigurationList;
			buildConfigurations = (
				856D01E12978F3C20078A441 /* Debug */,
				856D01E22978F3C20078A441 /* Release */,
			);
			defaultConfigurationIsVisible = 0;
			defaultConfigurationName = Release;
		};
		856D01E32978F3C20078A441 /* Build configuration list for PBXNativeTarget "Mandiri Test AssesmentUITests" */ = {
			isa = XCConfigurationList;
			buildConfigurations = (
				856D01E42978F3C20078A441 /* Debug */,
				856D01E52978F3C20078A441 /* Release */,
			);
			defaultConfigurationIsVisible = 0;
			defaultConfigurationName = Release;
		};
/* End XCConfigurationList section */
	};
	rootObject = 856D01AB2978F3C10078A441 /* Project object */;
}
